
Microsoft Visual Studio Solution File, Format Version 12.00
# Visual Studio Version 17
VisualStudioVersion = 17.12.35514.174
MinimumVisualStudioVersion = 10.0.40219.1
Project("{FAE04EC0-301F-11D3-BF4B-00C04F79EFBC}") = "Database", "Database\Database.csproj", "{B05B7D9B-093C-4D25-B7C5-0B6E7AF33745}"
EndProject
Project("{FAE04EC0-301F-11D3-BF4B-00C04F79EFBC}") = "Business", "Business\Business.csproj", "{03E73AB8-8477-44D6-B8AC-4BEDC2F27E36}"
EndProject
Project("{FAE04EC0-301F-11D3-BF4B-00C04F79EFBC}") = "WebApplication1", "WebApplication1\WebApplication1.csproj", "{D45A2936-40E6-4B64-859D-6CDAE883A16E}"
EndProject
Project("{FAE04EC0-301F-11D3-BF4B-00C04F79EFBC}") = "BuisnessTest", "BuisnessTest\BuisnessTest.csproj", "{7B251BA6-947D-44F6-948C-00EC4E8D3478}"
EndProject
Global
	GlobalSection(SolutionConfigurationPlatforms) = preSolution
		Debug|Any CPU = Debug|Any CPU
		Release|Any CPU = Release|Any CPU
	EndGlobalSection
	GlobalSection(ProjectConfigurationPlatforms) = postSolution
		{B05B7D9B-093C-4D25-B7C5-0B6E7AF33745}.Debug|Any CPU.ActiveCfg = Debug|Any CPU
		{B05B7D9B-093C-4D25-B7C5-0B6E7AF33745}.Debug|Any CPU.Build.0 = Debug|Any CPU
		{B05B7D9B-093C-4D25-B7C5-0B6E7AF33745}.Release|Any CPU.ActiveCfg = Release|Any CPU
		{B05B7D9B-093C-4D25-B7C5-0B6E7AF33745}.Release|Any CPU.Build.0 = Release|Any CPU
		{03E73AB8-8477-44D6-B8AC-4BEDC2F27E36}.Debug|Any CPU.ActiveCfg = Debug|Any CPU
		{03E73AB8-8477-44D6-B8AC-4BEDC2F27E36}.Debug|Any CPU.Build.0 = Debug|Any CPU
		{03E73AB8-8477-44D6-B8AC-4BEDC2F27E36}.Release|Any CPU.ActiveCfg = Release|Any CPU
		{03E73AB8-8477-44D6-B8AC-4BEDC2F27E36}.Release|Any CPU.Build.0 = Release|Any CPU
		{D45A2936-40E6-4B64-859D-6CDAE883A16E}.Debug|Any CPU.ActiveCfg = Debug|Any CPU
		{D45A2936-40E6-4B64-859D-6CDAE883A16E}.Debug|Any CPU.Build.0 = Debug|Any CPU
		{D45A2936-40E6-4B64-859D-6CDAE883A16E}.Release|Any CPU.ActiveCfg = Release|Any CPU
		{D45A2936-40E6-4B64-859D-6CDAE883A16E}.Release|Any CPU.Build.0 = Release|Any CPU
		{7B251BA6-947D-44F6-948C-00EC4E8D3478}.Debug|Any CPU.ActiveCfg = Debug|Any CPU
		{7B251BA6-947D-44F6-948C-00EC4E8D3478}.Debug|Any CPU.Build.0 = Debug|Any CPU
		{7B251BA6-947D-44F6-948C-00EC4E8D3478}.Release|Any CPU.ActiveCfg = Release|Any CPU
		{7B251BA6-947D-44F6-948C-00EC4E8D3478}.Release|Any CPU.Build.0 = Release|Any CPU
	EndGlobalSection
	GlobalSection(SolutionProperties) = preSolution
		HideSolutionNode = FALSE
	EndGlobalSection
	GlobalSection(ExtensibilityGlobals) = postSolution
		SolutionGuid = {5DF57C44-5BA3-4F7D-B9C7-9E842C41A55B}
	EndGlobalSection
EndGlobal
